
Microsoft Visual Studio Solution File, Format Version 12.00
# Visual Studio 2013
VisualStudioVersion = 12.0.30723.0
MinimumVisualStudioVersion = 10.0.40219.1
Project("{2150E333-8FDC-42A3-9474-1A3956D46DE8}") = "Data", "Data", "{348179EA-8EA4-43EC-B784-EB889363BABA}"
EndProject
Project("{2150E333-8FDC-42A3-9474-1A3956D46DE8}") = "Web", "Web", "{1B58DDE2-A088-4BDB-8376-A1CBF6CA4908}"
EndProject
Project("{FAE04EC0-301F-11D3-BF4B-00C04F79EFBC}") = "DentistApp.Data", "DentistApp.Data\DentistApp.Data.csproj", "{354C3579-2269-452E-9FB1-5E1A4B54131F}"
EndProject
Project("{FAE04EC0-301F-11D3-BF4B-00C04F79EFBC}") = "DentistApp.Data.Models", "DentistApp.Data.Models\DentistApp.Data.Models.csproj", "{8EE991C5-5801-46B4-9D86-76E4F6F59564}"
EndProject
Project("{FAE04EC0-301F-11D3-BF4B-00C04F79EFBC}") = "DentistApp.Data.Common", "DentistApp.Data.Common\DentistApp.Data.Common.csproj", "{C3EAD420-1604-4E47-9930-4F1B58FC359E}"
EndProject
Project("{FAE04EC0-301F-11D3-BF4B-00C04F79EFBC}") = "DentistApp.Constants", "DentistApp.Constants\DentistApp.Constants.csproj", "{EAC8A017-8863-48F6-81B4-0CB1D3A30771}"
EndProject
Project("{FAE04EC0-301F-11D3-BF4B-00C04F79EFBC}") = "DentistsApp.Web", "DentistsApp.Web\DentistsApp.Web.csproj", "{37B0397B-1357-4400-B15A-5B2A0F690837}"
EndProject
Global
	GlobalSection(SolutionConfigurationPlatforms) = preSolution
		Debug|Any CPU = Debug|Any CPU
		Release|Any CPU = Release|Any CPU
	EndGlobalSection
	GlobalSection(ProjectConfigurationPlatforms) = postSolution
		{354C3579-2269-452E-9FB1-5E1A4B54131F}.Debug|Any CPU.ActiveCfg = Debug|Any CPU
		{354C3579-2269-452E-9FB1-5E1A4B54131F}.Debug|Any CPU.Build.0 = Debug|Any CPU
		{354C3579-2269-452E-9FB1-5E1A4B54131F}.Release|Any CPU.ActiveCfg = Release|Any CPU
		{354C3579-2269-452E-9FB1-5E1A4B54131F}.Release|Any CPU.Build.0 = Release|Any CPU
		{8EE991C5-5801-46B4-9D86-76E4F6F59564}.Debug|Any CPU.ActiveCfg = Debug|Any CPU
		{8EE991C5-5801-46B4-9D86-76E4F6F59564}.Debug|Any CPU.Build.0 = Debug|Any CPU
		{8EE991C5-5801-46B4-9D86-76E4F6F59564}.Release|Any CPU.ActiveCfg = Release|Any CPU
		{8EE991C5-5801-46B4-9D86-76E4F6F59564}.Release|Any CPU.Build.0 = Release|Any CPU
		{C3EAD420-1604-4E47-9930-4F1B58FC359E}.Debug|Any CPU.ActiveCfg = Debug|Any CPU
		{C3EAD420-1604-4E47-9930-4F1B58FC359E}.Debug|Any CPU.Build.0 = Debug|Any CPU
		{C3EAD420-1604-4E47-9930-4F1B58FC359E}.Release|Any CPU.ActiveCfg = Release|Any CPU
		{C3EAD420-1604-4E47-9930-4F1B58FC359E}.Release|Any CPU.Build.0 = Release|Any CPU
		{EAC8A017-8863-48F6-81B4-0CB1D3A30771}.Debug|Any CPU.ActiveCfg = Debug|Any CPU
		{EAC8A017-8863-48F6-81B4-0CB1D3A30771}.Debug|Any CPU.Build.0 = Debug|Any CPU
		{EAC8A017-8863-48F6-81B4-0CB1D3A30771}.Release|Any CPU.ActiveCfg = Release|Any CPU
		{EAC8A017-8863-48F6-81B4-0CB1D3A30771}.Release|Any CPU.Build.0 = Release|Any CPU
		{37B0397B-1357-4400-B15A-5B2A0F690837}.Debug|Any CPU.ActiveCfg = Debug|Any CPU
		{37B0397B-1357-4400-B15A-5B2A0F690837}.Debug|Any CPU.Build.0 = Debug|Any CPU
		{37B0397B-1357-4400-B15A-5B2A0F690837}.Release|Any CPU.ActiveCfg = Release|Any CPU
		{37B0397B-1357-4400-B15A-5B2A0F690837}.Release|Any CPU.Build.0 = Release|Any CPU
	EndGlobalSection
	GlobalSection(SolutionProperties) = preSolution
		HideSolutionNode = FALSE
	EndGlobalSection
	GlobalSection(NestedProjects) = preSolution
		{354C3579-2269-452E-9FB1-5E1A4B54131F} = {348179EA-8EA4-43EC-B784-EB889363BABA}
		{8EE991C5-5801-46B4-9D86-76E4F6F59564} = {348179EA-8EA4-43EC-B784-EB889363BABA}
		{C3EAD420-1604-4E47-9930-4F1B58FC359E} = {348179EA-8EA4-43EC-B784-EB889363BABA}
		{37B0397B-1357-4400-B15A-5B2A0F690837} = {1B58DDE2-A088-4BDB-8376-A1CBF6CA4908}
	EndGlobalSection
EndGlobal
